<?xml version="1.0" encoding="utf-8"?>
<Project ToolsVersion="4.0" xmlns="http://schemas.microsoft.com/developer/msbuild/2003">
  <ItemGroup>
    <Filter Include="Source Files">
      <UniqueIdentifier>{4FC737F1-C7A5-4376-A066-2A32D752A2FF}</UniqueIdentifier>
      <Extensions>cpp;c;cc;cxx;def;odl;idl;hpj;bat;asm;asmx</Extensions>
    </Filter>
    <Filter Include="Header Files">
      <UniqueIdentifier>{93995380-89BD-4b04-88EB-625FBE52EBFB}</UniqueIdentifier>
      <Extensions>h;hh;hpp;hxx;hm;inl;inc;xsd</Extensions>
    </Filter>
    <Filter Include="Resource Files">
      <UniqueIdentifier>{67DA6AB6-F800-4c08-8B7A-83BB121AAD01}</UniqueIdentifier>
      <Extensions>rc;ico;cur;bmp;dlg;rc2;rct;bin;rgs;gif;jpg;jpeg;jpe;resx;tiff;tif;png;wav;mfcribbon-ms</Extensions>
    </Filter>
  </ItemGroup>
  <ItemGroup>
    <ClCompile Include="Alc\backends\base.c">
      <Filter>Source Files</Filter>
    </ClCompile>
    <ClCompile Include="Alc\backends\null.c">
      <Filter>Source Files</Filter>
    </ClCompile>
    <ClCompile Include="Alc\effects\chorus.c">
      <Filter>Source Files</Filter>
    </ClCompile>
    <ClCompile Include="Alc\effects\compressor.c">
      <Filter>Source Files</Filter>
    </ClCompile>
    <ClCompile Include="Alc\effects\dedicated.c">
      <Filter>Source Files</Filter>
    </ClCompile>
    <ClCompile Include="Alc\effects\distortion.c">
      <Filter>Source Files</Filter>
    </ClCompile>
    <ClCompile Include="Alc\effects\echo.c">
      <Filter>Source Files</Filter>
    </ClCompile>
    <ClCompile Include="Alc\effects\equalizer.c">
      <Filter>Source Files</Filter>
    </ClCompile>
    <ClCompile Include="Alc\effects\flanger.c">
      <Filter>Source Files</Filter>
    </ClCompile>
    <ClCompile Include="Alc\effects\modulator.c">
      <Filter>Source Files</Filter>
    </ClCompile>
    <ClCompile Include="Alc\effects\null.c">
      <Filter>Source Files</Filter>
    </ClCompile>
    <ClCompile Include="Alc\effects\reverb.c">
      <Filter>Source Files</Filter>
    </ClCompile>
    <ClCompile Include="Alc\ALc.c">
      <Filter>Source Files</Filter>
    </ClCompile>
    <ClCompile Include="Alc\alcRing.c">
      <Filter>Source Files</Filter>
    </ClCompile>
    <ClCompile Include="Alc\ALu.c">
      <Filter>Source Files</Filter>
    </ClCompile>
    <ClCompile Include="Alc\bsinc.c">
      <Filter>Source Files</Filter>
    </ClCompile>
    <ClCompile Include="Alc\converter.c">
      <Filter>Source Files</Filter>
    </ClCompile>
    <ClCompile Include="Alc\helpers.c">
      <Filter>Source Files</Filter>
    </ClCompile>
    <ClCompile Include="Alc\mastering.c">
      <Filter>Source Files</Filter>
    </ClCompile>
    <ClCompile Include="Alc\mixer.c">
      <Filter>Source Files</Filter>
    </ClCompile>
    <ClCompile Include="Alc\mixer_c.c">
      <Filter>Source Files</Filter>
    </ClCompile>
    <ClCompile Include="Alc\nfcfilter.c">
      <Filter>Source Files</Filter>
    </ClCompile>
    <ClCompile Include="Alc\panning.c">
      <Filter>Source Files</Filter>
    </ClCompile>
    <ClCompile Include="common\almalloc.c">
      <Filter>Source Files</Filter>
    </ClCompile>
    <ClCompile Include="common\uintmap.c">
      <Filter>Source Files</Filter>
    </ClCompile>
    <ClCompile Include="OpenAL32\alAuxEffectSlot.c">
      <Filter>Source Files</Filter>
    </ClCompile>
    <ClCompile Include="OpenAL32\alBuffer.c">
      <Filter>Source Files</Filter>
    </ClCompile>
    <ClCompile Include="OpenAL32\alEffect.c">
      <Filter>Source Files</Filter>
    </ClCompile>
    <ClCompile Include="OpenAL32\alError.c">
      <Filter>Source Files</Filter>
    </ClCompile>
    <ClCompile Include="OpenAL32\alExtension.c">
      <Filter>Source Files</Filter>
    </ClCompile>
    <ClCompile Include="OpenAL32\alFilter.c">
      <Filter>Source Files</Filter>
    </ClCompile>
    <ClCompile Include="OpenAL32\alListener.c">
      <Filter>Source Files</Filter>
    </ClCompile>
    <ClCompile Include="OpenAL32\alSource.c">
      <Filter>Source Files</Filter>
    </ClCompile>
    <ClCompile Include="OpenAL32\alState.c">
      <Filter>Source Files</Filter>
    </ClCompile>
    <ClCompile Include="OpenAL32\alThunk.c">
      <Filter>Source Files</Filter>
    </ClCompile>
    <ClCompile Include="OpenAL32\sample_cvt.c">
      <Filter>Source Files</Filter>
    </ClCompile>
    <ClCompile Include="Alc\backends\loopback.c">
      <Filter>Source Files</Filter>
    </ClCompile>
    <ClCompile Include="oal_effects_pp.cpp">
      <Filter>Source Files</Filter>
    </ClCompile>
  </ItemGroup>
  <ItemGroup>
    <ClInclude Include="Alc\backends\base.h">
      <Filter>Header Files</Filter>
    </ClInclude>
    <ClInclude Include="Alc\alstring.h">
      <Filter>Header Files</Filter>
    </ClInclude>
    <ClInclude Include="Alc\compat.h">
      <Filter>Header Files</Filter>
    </ClInclude>
    <ClInclude Include="Alc\converter.h">
      <Filter>Header Files</Filter>
    </ClInclude>
    <ClInclude Include="Alc\mixer_defs.h">
      <Filter>Header Files</Filter>
    </ClInclude>
    <ClInclude Include="Alc\nfcfilter.h">
      <Filter>Header Files</Filter>
    </ClInclude>
    <ClInclude Include="Alc\vector.h">
      <Filter>Header Files</Filter>
    </ClInclude>
    <ClInclude Include="common\align.h">
      <Filter>Header Files</Filter>
    </ClInclude>
    <ClInclude Include="common\almalloc.h">
      <Filter>Header Files</Filter>
    </ClInclude>
    <ClInclude Include="common\bool.h">
      <Filter>Header Files</Filter>
    </ClInclude>
    <ClInclude Include="common\math_defs.h">
      <Filter>Header Files</Filter>
    </ClInclude>
    <ClInclude Include="common\static_assert.h">
      <Filter>Header Files</Filter>
    </ClInclude>
    <ClInclude Include="common\uintmap.h">
      <Filter>Header Files</Filter>
    </ClInclude>
    <ClInclude Include="include\AL\al.h">
      <Filter>Header Files</Filter>
    </ClInclude>
    <ClInclude Include="include\AL\alc.h">
      <Filter>Header Files</Filter>
    </ClInclude>
    <ClInclude Include="include\AL\alext.h">
      <Filter>Header Files</Filter>
    </ClInclude>
    <ClInclude Include="include\AL\efx.h">
      <Filter>Header Files</Filter>
    </ClInclude>
    <ClInclude Include="include\AL\efx-creative.h">
      <Filter>Header Files</Filter>
    </ClInclude>
    <ClInclude Include="include\AL\efx-presets.h">
      <Filter>Header Files</Filter>
    </ClInclude>
    <ClInclude Include="OpenAL32\Include\alAuxEffectSlot.h">
      <Filter>Header Files</Filter>
    </ClInclude>
    <ClInclude Include="OpenAL32\Include\alBuffer.h">
      <Filter>Header Files</Filter>
    </ClInclude>
    <ClInclude Include="OpenAL32\Include\alEffect.h">
      <Filter>Header Files</Filter>
    </ClInclude>
    <ClInclude Include="OpenAL32\Include\alError.h">
      <Filter>Header Files</Filter>
    </ClInclude>
    <ClInclude Include="OpenAL32\Include\alFilter.h">
      <Filter>Header Files</Filter>
    </ClInclude>
    <ClInclude Include="OpenAL32\Include\alListener.h">
      <Filter>Header Files</Filter>
    </ClInclude>
    <ClInclude Include="OpenAL32\Include\alMain.h">
      <Filter>Header Files</Filter>
    </ClInclude>
    <ClInclude Include="OpenAL32\Include\alSource.h">
      <Filter>Header Files</Filter>
    </ClInclude>
    <ClInclude Include="OpenAL32\Include\alThunk.h">
      <Filter>Header Files</Filter>
    </ClInclude>
    <ClInclude Include="OpenAL32\Include\alu.h">
      <Filter>Header Files</Filter>
    </ClInclude>
    <ClInclude Include="OpenAL32\Include\sample_cvt.h">
      <Filter>Header Files</Filter>
    </ClInclude>
  </ItemGroup>
</Project>